// !$*UTF8*$!
{
	archiveVersion = 1;
	classes = {
	};
	objectVersion = 77;
	objects = {

/* Begin PBXBuildFile section */
		113094962E4B2EED000ABCD1 /* libGLEW.2.2.0.dylib in Frameworks */ = {isa = PBXBuildFile; fileRef = 113094952E4B2EED000ABCD1 /* libGLEW.2.2.0.dylib */; };
		113094982E4B2EFE000ABCD1 /* libglfw.3.4.dylib in Frameworks */ = {isa = PBXBuildFile; fileRef = 113094972E4B2EFE000ABCD1 /* libglfw.3.4.dylib */; };
		1134DB922E49E877000EB0D0 /* OpenGL.framework in Frameworks */ = {isa = PBXBuildFile; fileRef = 1134DB912E49E877000EB0D0 /* OpenGL.framework */; };
		1134DBA52E4A41C5000EB0D0 /* CoreFoundation.framework in Frameworks */ = {isa = PBXBuildFile; fileRef = 1134DB932E49E88A000EB0D0 /* CoreFoundation.framework */; };
/* End PBXBuildFile section */

/* Begin PBXCopyFilesBuildPhase section */
		1134DB842E49E6CC000EB0D0 /* Copy Files */ = {
			isa = PBXCopyFilesBuildPhase;
			buildActionMask = 2147483647;
			dstPath = /usr/share/man/man1;
			dstSubfolderSpec = 0;
			files = (
			);
			name = "Copy Files";
			runOnlyForDeploymentPostprocessing = 1;
		};
/* End PBXCopyFilesBuildPhase section */

/* Begin PBXFileReference section */
		113094952E4B2EED000ABCD1 /* libGLEW.2.2.0.dylib */ = {isa = PBXFileReference; lastKnownFileType = "compiled.mach-o.dylib"; name = libGLEW.2.2.0.dylib; path = ../../../../../../opt/homebrew/Cellar/glew/2.2.0_1/lib/libGLEW.2.2.0.dylib; sourceTree = "<group>"; };
		113094972E4B2EFE000ABCD1 /* libglfw.3.4.dylib */ = {isa = PBXFileReference; lastKnownFileType = "compiled.mach-o.dylib"; name = libglfw.3.4.dylib; path = ../../../../../../opt/homebrew/Cellar/glfw/3.4/lib/libglfw.3.4.dylib; sourceTree = "<group>"; };
		1134DB862E49E6CC000EB0D0 /* MarbleRunExtreme */ = {isa = PBXFileReference; explicitFileType = "compiled.mach-o.executable"; includeInIndex = 0; path = MarbleRunExtreme; sourceTree = BUILT_PRODUCTS_DIR; };
		1134DB912E49E877000EB0D0 /* OpenGL.framework */ = {isa = PBXFileReference; lastKnownFileType = wrapper.framework; name = OpenGL.framework; path = System/Library/Frameworks/OpenGL.framework; sourceTree = SDKROOT; };
		1134DB932E49E88A000EB0D0 /* CoreFoundation.framework */ = {isa = PBXFileReference; lastKnownFileType = wrapper.framework; name = CoreFoundation.framework; path = System/Library/Frameworks/CoreFoundation.framework; sourceTree = SDKROOT; };
/* End PBXFileReference section */

/* Begin PBXFileSystemSynchronizedRootGroup section */
		1134DB882E49E6CC000EB0D0 /* MarbleRunExtreme */ = {
			isa = PBXFileSystemSynchronizedRootGroup;
			path = MarbleRunExtreme;
			sourceTree = "<group>";
		};
/* End PBXFileSystemSynchronizedRootGroup section */

/* Begin PBXFrameworksBuildPhase section */
		1134DB832E49E6CC000EB0D0 /* Frameworks */ = {
			isa = PBXFrameworksBuildPhase;
			buildActionMask = 2147483647;
			files = (
				113094982E4B2EFE000ABCD1 /* libglfw.3.4.dylib in Frameworks */,
				113094962E4B2EED000ABCD1 /* libGLEW.2.2.0.dylib in Frameworks */,
				1134DBA52E4A41C5000EB0D0 /* CoreFoundation.framework in Frameworks */,
				1134DB922E49E877000EB0D0 /* OpenGL.framework in Frameworks */,
			);
			runOnlyForDeploymentPostprocessing = 0;
		};
/* End PBXFrameworksBuildPhase section */

/* Begin PBXGroup section */
		1134DB7D2E49E6CC000EB0D0 = {
			isa = PBXGroup;
			children = (
				1134DB882E49E6CC000EB0D0 /* MarbleRunExtreme */,
				1134DB902E49E877000EB0D0 /* Frameworks */,
				1134DB872E49E6CC000EB0D0 /* Products */,
			);
			sourceTree = "<group>";
		};
		1134DB872E49E6CC000EB0D0 /* Products */ = {
			isa = PBXGroup;
			children = (
				1134DB862E49E6CC000EB0D0 /* MarbleRunExtreme */,
			);
			name = Products;
			sourceTree = "<group>";
		};
		1134DB902E49E877000EB0D0 /* Frameworks */ = {
			isa = PBXGroup;
			children = (
				113094972E4B2EFE000ABCD1 /* libglfw.3.4.dylib */,
				113094952E4B2EED000ABCD1 /* libGLEW.2.2.0.dylib */,
				1134DB932E49E88A000EB0D0 /* CoreFoundation.framework */,
				1134DB912E49E877000EB0D0 /* OpenGL.framework */,
			);
			name = Frameworks;
			sourceTree = "<group>";
		};
/* End PBXGroup section */

/* Begin PBXNativeTarget section */
		1134DB852E49E6CC000EB0D0 /* MarbleRunExtreme */ = {
			isa = PBXNativeTarget;
			buildConfigurationList = 1134DB8D2E49E6CC000EB0D0 /* Build configuration list for PBXNativeTarget "MarbleRunExtreme" */;
			buildPhases = (
				1134DB822E49E6CC000EB0D0 /* Sources */,
				1134DB832E49E6CC000EB0D0 /* Frameworks */,
				1134DB842E49E6CC000EB0D0 /* Copy Files */,
			);
			buildRules = (
			);
			dependencies = (
			);
			fileSystemSynchronizedGroups = (
				1134DB882E49E6CC000EB0D0 /* MarbleRunExtreme */,
			);
			name = MarbleRunExtreme;
			packageProductDependencies = (
			);
			productName = TestingTesting;
			productReference = 1134DB862E49E6CC000EB0D0 /* MarbleRunExtreme */;
			productType = "com.apple.product-type.tool";
		};
/* End PBXNativeTarget section */

/* Begin PBXProject section */
		1134DB7E2E49E6CC000EB0D0 /* Project object */ = {
			isa = PBXProject;
			attributes = {
				BuildIndependentTargetsInParallel = 1;
				LastUpgradeCheck = 1630;
				TargetAttributes = {
					1134DB852E49E6CC000EB0D0 = {
						CreatedOnToolsVersion = 16.3;
					};
				};
			};
			buildConfigurationList = 1134DB812E49E6CC000EB0D0 /* Build configuration list for PBXProject "MarbleRunExtreme" */;
			developmentRegion = en;
			hasScannedForEncodings = 0;
			knownRegions = (
				en,
				Base,
			);
			mainGroup = 1134DB7D2E49E6CC000EB0D0;
			minimizedProjectReferenceProxies = 1;
			preferredProjectObjectVersion = 77;
			productRefGroup = 1134DB872E49E6CC000EB0D0 /* Products */;
			projectDirPath = "";
			projectRoot = "";
			targets = (
				1134DB852E49E6CC000EB0D0 /* MarbleRunExtreme */,
			);
		};
/* End PBXProject section */

/* Begin PBXSourcesBuildPhase section */
		1134DB822E49E6CC000EB0D0 /* Sources */ = {
			isa = PBXSourcesBuildPhase;
			buildActionMask = 2147483647;
			files = (
			);
			runOnlyForDeploymentPostprocessing = 0;
		};
/* End PBXSourcesBuildPhase section */

/* Begin XCBuildConfiguration section */
		1134DB8B2E49E6CC000EB0D0 /* Debug */ = {
			isa = XCBuildConfiguration;
			buildSettings = {
				ALWAYS_SEARCH_USER_PATHS = NO;
				ASSETCATALOG_COMPILER_GENERATE_SWIFT_ASSET_SYMBOL_EXTENSIONS = YES;
				CLANG_ANALYZER_NONNULL = YES;
				CLANG_ANALYZER_NUMBER_OBJECT_CONVERSION = YES_AGGRESSIVE;
				CLANG_CXX_LANGUAGE_STANDARD = "gnu++20";
				CLANG_ENABLE_MODULES = YES;
				CLANG_ENABLE_OBJC_ARC = YES;
				CLANG_ENABLE_OBJC_WEAK = YES;
				CLANG_WARN_BLOCK_CAPTURE_AUTORELEASING = YES;
				CLANG_WARN_BOOL_CONVERSION = YES;
				CLANG_WARN_COMMA = YES;
				CLANG_WARN_CONSTANT_CONVERSION = YES;
				CLANG_WARN_DEPRECATED_OBJC_IMPLEMENTATIONS = YES;
				CLANG_WARN_DIRECT_OBJC_ISA_USAGE = YES_ERROR;
				CLANG_WARN_DOCUMENTATION_COMMENTS = YES;
				CLANG_WARN_EMPTY_BODY = YES;
				CLANG_WARN_ENUM_CONVERSION = YES;
				CLANG_WARN_INFINITE_RECURSION = YES;
				CLANG_WARN_INT_CONVERSION = YES;
				CLANG_WARN_NON_LITERAL_NULL_CONVERSION = YES;
				CLANG_WARN_OBJC_IMPLICIT_RETAIN_SELF = YES;
				CLANG_WARN_OBJC_LITERAL_CONVERSION = YES;
				CLANG_WARN_OBJC_ROOT_CLASS = YES_ERROR;
				CLANG_WARN_QUOTED_INCLUDE_IN_FRAMEWORK_HEADER = YES;
				CLANG_WARN_RANGE_LOOP_ANALYSIS = YES;
				CLANG_WARN_STRICT_PROTOTYPES = YES;
				CLANG_WARN_SUSPICIOUS_MOVE = YES;
				CLANG_WARN_UNGUARDED_AVAILABILITY = YES_AGGRESSIVE;
				CLANG_WARN_UNREACHABLE_CODE = YES;
				CLANG_WARN__DUPLICATE_METHOD_MATCH = YES;
				COPY_PHASE_STRIP = NO;
				DEBUG_INFORMATION_FORMAT = dwarf;
				DEVELOPMENT_TEAM = 229RNRZ782;
				ENABLE_STRICT_OBJC_MSGSEND = YES;
				ENABLE_TESTABILITY = YES;
				ENABLE_USER_SCRIPT_SANDBOXING = YES;
				GCC_C_LANGUAGE_STANDARD = gnu17;
				GCC_DYNAMIC_NO_PIC = NO;
				GCC_NO_COMMON_BLOCKS = YES;
				GCC_OPTIMIZATION_LEVEL = 0;
				GCC_PREPROCESSOR_DEFINITIONS = (
					"DEBUG=1",
					"$(inherited)",
				);
				GCC_WARN_64_TO_32_BIT_CONVERSION = YES;
				GCC_WARN_ABOUT_RETURN_TYPE = YES_ERROR;
				GCC_WARN_UNDECLARED_SELECTOR = YES;
				GCC_WARN_UNINITIALIZED_AUTOS = YES_AGGRESSIVE;
				GCC_WARN_UNUSED_FUNCTION = YES;
				GCC_WARN_UNUSED_VARIABLE = YES;
				HEADER_SEARCH_PATHS = /opt/homebrew/include;
				LIBRARY_SEARCH_PATHS = /opt/homebrew/lib;
				LOCALIZATION_PREFERS_STRING_CATALOGS = YES;
				MACOSX_DEPLOYMENT_TARGET = 15.4;
				MTL_ENABLE_DEBUG_INFO = INCLUDE_SOURCE;
				MTL_FAST_MATH = YES;
				ONLY_ACTIVE_ARCH = YES;
				SDKROOT = macosx;
			};
			name = Debug;
		};
		1134DB8C2E49E6CC000EB0D0 /* Release */ = {
			isa = XCBuildConfiguration;
			buildSettings = {
				ALWAYS_SEARCH_USER_PATHS = NO;
				ASSETCATALOG_COMPILER_GENERATE_SWIFT_ASSET_SYMBOL_EXTENSIONS = YES;
				CLANG_ANALYZER_NONNULL = YES;
				CLANG_ANALYZER_NUMBER_OBJECT_CONVERSION = YES_AGGRESSIVE;
				CLANG_CXX_LANGUAGE_STANDARD = "gnu++20";
				CLANG_ENABLE_MODULES = YES;
				CLANG_ENABLE_OBJC_ARC = YES;
				CLANG_ENABLE_OBJC_WEAK = YES;
				CLANG_WARN_BLOCK_CAPTURE_AUTORELEASING = YES;
				CLANG_WARN_BOOL_CONVERSION = YES;
				CLANG_WARN_COMMA = YES;
				CLANG_WARN_CONSTANT_CONVERSION = YES;
				CLANG_WARN_DEPRECATED_OBJC_IMPLEMENTATIONS = YES;
				CLANG_WARN_DIRECT_OBJC_ISA_USAGE = YES_ERROR;
				CLANG_WARN_DOCUMENTATION_COMMENTS = YES;
				CLANG_WARN_EMPTY_BODY = YES;
				CLANG_WARN_ENUM_CONVERSION = YES;
				CLANG_WARN_INFINITE_RECURSION = YES;
				CLANG_WARN_INT_CONVERSION = YES;
				CLANG_WARN_NON_LITERAL_NULL_CONVERSION = YES;
				CLANG_WARN_OBJC_IMPLICIT_RETAIN_SELF = YES;
				CLANG_WARN_OBJC_LITERAL_CONVERSION = YES;
				CLANG_WARN_OBJC_ROOT_CLASS = YES_ERROR;
				CLANG_WARN_QUOTED_INCLUDE_IN_FRAMEWORK_HEADER = YES;
				CLANG_WARN_RANGE_LOOP_ANALYSIS = YES;
				CLANG_WARN_STRICT_PROTOTYPES = YES;
				CLANG_WARN_SUSPICIOUS_MOVE = YES;
				CLANG_WARN_UNGUARDED_AVAILABILITY = YES_AGGRESSIVE;
				CLANG_WARN_UNREACHABLE_CODE = YES;
				CLANG_WARN__DUPLICATE_METHOD_MATCH = YES;
				COPY_PHASE_STRIP = NO;
				DEBUG_INFORMATION_FORMAT = "dwarf-with-dsym";
				DEVELOPMENT_TEAM = 229RNRZ782;
				ENABLE_NS_ASSERTIONS = NO;
				ENABLE_STRICT_OBJC_MSGSEND = YES;
				ENABLE_USER_SCRIPT_SANDBOXING = YES;
				GCC_C_LANGUAGE_STANDARD = gnu17;
				GCC_NO_COMMON_BLOCKS = YES;
				GCC_WARN_64_TO_32_BIT_CONVERSION = YES;
				GCC_WARN_ABOUT_RETURN_TYPE = YES_ERROR;
				GCC_WARN_UNDECLARED_SELECTOR = YES;
				GCC_WARN_UNINITIALIZED_AUTOS = YES_AGGRESSIVE;
				GCC_WARN_UNUSED_FUNCTION = YES;
				GCC_WARN_UNUSED_VARIABLE = YES;
				HEADER_SEARCH_PATHS = /opt/homebrew/include;
				LIBRARY_SEARCH_PATHS = /opt/homebrew/lib;
				LOCALIZATION_PREFERS_STRING_CATALOGS = YES;
				MACOSX_DEPLOYMENT_TARGET = 15.4;
				MTL_ENABLE_DEBUG_INFO = NO;
				MTL_FAST_MATH = YES;
				SDKROOT = macosx;
			};
			name = Release;
		};
		1134DB8E2E49E6CC000EB0D0 /* Debug */ = {
			isa = XCBuildConfiguration;
			buildSettings = {
				CODE_SIGN_IDENTITY = "Apple Development";
				CODE_SIGN_STYLE = Automatic;
				DEVELOPMENT_TEAM = 229RNRZ782;
				ENABLE_HARDENED_RUNTIME = NO;
				HEADER_SEARCH_PATHS = (
					/opt/homebrew/opt/glew/include,
					/opt/homebrew/include,
					/opt/homebrew/opt/glfw/include,
					/opt/homebrew/opt/glm/include,
				);
				LD_RUNPATH_SEARCH_PATHS = "";
				LIBRARY_SEARCH_PATHS = (
					/opt/homebrew/opt/glew/lib,
					/opt/homebrew/opt/glfw/lib,
					/opt/homebrew/lib,
					/opt/homebrew/opt/glm/lib,
				);
				PRODUCT_NAME = "$(TARGET_NAME)";
				PROVISIONING_PROFILE_SPECIFIER = "";
			};
			name = Debug;
		};
		1134DB8F2E49E6CC000EB0D0 /* Release */ = {
			isa = XCBuildConfiguration;
			buildSettings = {
				CODE_SIGN_IDENTITY = "Apple Development";
				CODE_SIGN_STYLE = Automatic;
				DEVELOPMENT_TEAM = 229RNRZ782;
				ENABLE_HARDENED_RUNTIME = NO;
				HEADER_SEARCH_PATHS = (
					/opt/homebrew/opt/glew/include,
					/opt/homebrew/include,
					/opt/homebrew/opt/glfw/include,
					/opt/homebrew/opt/glm/include,
				);
				LD_RUNPATH_SEARCH_PATHS = "";
				LIBRARY_SEARCH_PATHS = (
					/opt/homebrew/opt/glew/lib,
					/opt/homebrew/opt/glfw/lib,
					/opt/homebrew/lib,
					/opt/homebrew/opt/glm/lib,
				);
				PRODUCT_NAME = "$(TARGET_NAME)";
				PROVISIONING_PROFILE_SPECIFIER = "";
			};
			name = Release;
		};
/* End XCBuildConfiguration section */

/* Begin XCConfigurationList section */
		1134DB812E49E6CC000EB0D0 /* Build configuration list for PBXProject "MarbleRunExtreme" */ = {
			isa = XCConfigurationList;
			buildConfigurations = (
				1134DB8B2E49E6CC000EB0D0 /* Debug */,
				1134DB8C2E49E6CC000EB0D0 /* Release */,
			);
			defaultConfigurationIsVisible = 0;
			defaultConfigurationName = Release;
		};
		1134DB8D2E49E6CC000EB0D0 /* Build configuration list for PBXNativeTarget "MarbleRunExtreme" */ = {
			isa = XCConfigurationList;
			buildConfigurations = (
				1134DB8E2E49E6CC000EB0D0 /* Debug */,
				1134DB8F2E49E6CC000EB0D0 /* Release */,
			);
			defaultConfigurationIsVisible = 0;
			defaultConfigurationName = Release;
		};
/* End XCConfigurationList section */
	};
	rootObject = 1134DB7E2E49E6CC000EB0D0 /* Project object */;
}
